
Microsoft Visual Studio Solution File, Format Version 12.00
# Visual Studio Version 17
VisualStudioVersion = 17.5.002.0
MinimumVisualStudioVersion = 10.0.40219.1
Project("{9A19103F-16F7-4668-BE54-9A1E7A4F7556}") = "GuiaHerencia", "GuiaHerencia\GuiaHerencia.csproj", "{A8D7FCE8-C98F-47C1-A699-F04AD5ED6BE8}"
EndProject
Global
	GlobalSection(SolutionConfigurationPlatforms) = preSolution
		Debug|Any CPU = Debug|Any CPU
		Release|Any CPU = Release|Any CPU
	EndGlobalSection
	GlobalSection(ProjectConfigurationPlatforms) = postSolution
		{A8D7FCE8-C98F-47C1-A699-F04AD5ED6BE8}.Debug|Any CPU.ActiveCfg = Debug|Any CPU
		{A8D7FCE8-C98F-47C1-A699-F04AD5ED6BE8}.Debug|Any CPU.Build.0 = Debug|Any CPU
		{A8D7FCE8-C98F-47C1-A699-F04AD5ED6BE8}.Release|Any CPU.ActiveCfg = Release|Any CPU
		{A8D7FCE8-C98F-47C1-A699-F04AD5ED6BE8}.Release|Any CPU.Build.0 = Release|Any CPU
	EndGlobalSection
	GlobalSection(SolutionProperties) = preSolution
		HideSolutionNode = FALSE
	EndGlobalSection
	GlobalSection(ExtensibilityGlobals) = postSolution
		SolutionGuid = {E79C8C41-D63C-475A-80A3-5A34CF4F99AA}
	EndGlobalSection
EndGlobal
